
Microsoft Visual Studio Solution File, Format Version 12.00
# Visual Studio Version 17
VisualStudioVersion = 17.4.33110.190
MinimumVisualStudioVersion = 10.0.40219.1
Project("{9A19103F-16F7-4668-BE54-9A1E7A4F7556}") = "AdventOfCode.2021", "AdventOfCode.2021\AdventOfCode.2021.csproj", "{A7C34657-1166-4092-8D1E-A06379ADBE5D}"
EndProject
Project("{9A19103F-16F7-4668-BE54-9A1E7A4F7556}") = "AdventOfCode.2021.Test", "AdventOfCode.2021.Test\AdventOfCode.2021.Test.csproj", "{E1F2F930-E2A7-45B4-94C0-64BE57DDDD0C}"
EndProject
Project("{FAE04EC0-301F-11D3-BF4B-00C04F79EFBC}") = "Year2022", "AdventOfCode2022\Year2022.csproj", "{D075A9E3-A19A-4C7A-ADC7-E3FD8253BB74}"
EndProject
Project("{FAE04EC0-301F-11D3-BF4B-00C04F79EFBC}") = "Year2022.Test", "Year2022.Test\Year2022.Test.csproj", "{8D30D11C-D52C-4B6B-9A25-54FABA8EFD08}"
EndProject
Global
	GlobalSection(SolutionConfigurationPlatforms) = preSolution
		Debug|Any CPU = Debug|Any CPU
		Release|Any CPU = Release|Any CPU
	EndGlobalSection
	GlobalSection(ProjectConfigurationPlatforms) = postSolution
		{A7C34657-1166-4092-8D1E-A06379ADBE5D}.Debug|Any CPU.ActiveCfg = Debug|Any CPU
		{A7C34657-1166-4092-8D1E-A06379ADBE5D}.Debug|Any CPU.Build.0 = Debug|Any CPU
		{A7C34657-1166-4092-8D1E-A06379ADBE5D}.Release|Any CPU.ActiveCfg = Release|Any CPU
		{A7C34657-1166-4092-8D1E-A06379ADBE5D}.Release|Any CPU.Build.0 = Release|Any CPU
		{E1F2F930-E2A7-45B4-94C0-64BE57DDDD0C}.Debug|Any CPU.ActiveCfg = Debug|Any CPU
		{E1F2F930-E2A7-45B4-94C0-64BE57DDDD0C}.Debug|Any CPU.Build.0 = Debug|Any CPU
		{E1F2F930-E2A7-45B4-94C0-64BE57DDDD0C}.Release|Any CPU.ActiveCfg = Release|Any CPU
		{E1F2F930-E2A7-45B4-94C0-64BE57DDDD0C}.Release|Any CPU.Build.0 = Release|Any CPU
		{D075A9E3-A19A-4C7A-ADC7-E3FD8253BB74}.Debug|Any CPU.ActiveCfg = Debug|Any CPU
		{D075A9E3-A19A-4C7A-ADC7-E3FD8253BB74}.Debug|Any CPU.Build.0 = Debug|Any CPU
		{D075A9E3-A19A-4C7A-ADC7-E3FD8253BB74}.Release|Any CPU.ActiveCfg = Release|Any CPU
		{D075A9E3-A19A-4C7A-ADC7-E3FD8253BB74}.Release|Any CPU.Build.0 = Release|Any CPU
		{8D30D11C-D52C-4B6B-9A25-54FABA8EFD08}.Debug|Any CPU.ActiveCfg = Debug|Any CPU
		{8D30D11C-D52C-4B6B-9A25-54FABA8EFD08}.Debug|Any CPU.Build.0 = Debug|Any CPU
		{8D30D11C-D52C-4B6B-9A25-54FABA8EFD08}.Release|Any CPU.ActiveCfg = Release|Any CPU
		{8D30D11C-D52C-4B6B-9A25-54FABA8EFD08}.Release|Any CPU.Build.0 = Release|Any CPU
	EndGlobalSection
	GlobalSection(SolutionProperties) = preSolution
		HideSolutionNode = FALSE
	EndGlobalSection
	GlobalSection(ExtensibilityGlobals) = postSolution
		SolutionGuid = {8B6C1E06-AB75-4A41-8EF5-4CEF292FC71D}
	EndGlobalSection
EndGlobal
